
Microsoft Visual Studio Solution File, Format Version 12.00
# Visual Studio Version 17
VisualStudioVersion = 17.4.33103.184
MinimumVisualStudioVersion = 10.0.40219.1
Project("{FAE04EC0-301F-11D3-BF4B-00C04F79EFBC}") = "NumberGuesser", "NumberGuesser\NumberGuesser.csproj", "{865AFF50-67B9-4EB2-A588-E60E5E671494}"
EndProject
Global
	GlobalSection(SolutionConfigurationPlatforms) = preSolution
		Debug|Any CPU = Debug|Any CPU
		Release|Any CPU = Release|Any CPU
	EndGlobalSection
	GlobalSection(ProjectConfigurationPlatforms) = postSolution
		{865AFF50-67B9-4EB2-A588-E60E5E671494}.Debug|Any CPU.ActiveCfg = Debug|Any CPU
		{865AFF50-67B9-4EB2-A588-E60E5E671494}.Debug|Any CPU.Build.0 = Debug|Any CPU
		{865AFF50-67B9-4EB2-A588-E60E5E671494}.Release|Any CPU.ActiveCfg = Release|Any CPU
		{865AFF50-67B9-4EB2-A588-E60E5E671494}.Release|Any CPU.Build.0 = Release|Any CPU
	EndGlobalSection
	GlobalSection(SolutionProperties) = preSolution
		HideSolutionNode = FALSE
	EndGlobalSection
	GlobalSection(ExtensibilityGlobals) = postSolution
		SolutionGuid = {5A5707D8-F132-4CA5-88E0-B1D0A5CE2F10}
	EndGlobalSection
EndGlobal
